
Microsoft Visual Studio Solution File, Format Version 12.00
# Visual Studio Version 17
VisualStudioVersion = 17.7.34003.232
MinimumVisualStudioVersion = 10.0.40219.1
Project("{FAE04EC0-301F-11D3-BF4B-00C04F79EFBC}") = "BAAS", "BAAS\BAAS.csproj", "{FF8B4298-3A9F-4C7B-BE0E-2F58CF25C200}"
EndProject
Global
	GlobalSection(SolutionConfigurationPlatforms) = preSolution
		Debug|Any CPU = Debug|Any CPU
		Release|Any CPU = Release|Any CPU
	EndGlobalSection
	GlobalSection(ProjectConfigurationPlatforms) = postSolution
		{FF8B4298-3A9F-4C7B-BE0E-2F58CF25C200}.Debug|Any CPU.ActiveCfg = Debug|Any CPU
		{FF8B4298-3A9F-4C7B-BE0E-2F58CF25C200}.Debug|Any CPU.Build.0 = Debug|Any CPU
		{FF8B4298-3A9F-4C7B-BE0E-2F58CF25C200}.Debug|Any CPU.Deploy.0 = Debug|Any CPU
		{FF8B4298-3A9F-4C7B-BE0E-2F58CF25C200}.Release|Any CPU.ActiveCfg = Release|Any CPU
		{FF8B4298-3A9F-4C7B-BE0E-2F58CF25C200}.Release|Any CPU.Build.0 = Release|Any CPU
		{FF8B4298-3A9F-4C7B-BE0E-2F58CF25C200}.Release|Any CPU.Deploy.0 = Release|Any CPU
	EndGlobalSection
	GlobalSection(SolutionProperties) = preSolution
		HideSolutionNode = FALSE
	EndGlobalSection
	GlobalSection(ExtensibilityGlobals) = postSolution
		SolutionGuid = {485813C0-6904-47FC-90A7-D338E35BDC63}
	EndGlobalSection
EndGlobal
